{
  "name": "npm-proj-1687890683463-0.6408374480738381BIQa9h",
  "lockfileVersion": 2,
  "requires": true,
  "packages": {
    "": {
      "dependencies": {
        "source-code-pro": "^2.38.0"
      }
    },
    "node_modules/source-code-pro": {
      "version": "2.38.0",
      "resolved": "https://registry.npmjs.org/source-code-pro/-/source-code-pro-2.38.0.tgz",
      "integrity": "sha512-JMXu7l3XrLREG17eEwY66ANG9716WTu6OeNvZfRKQKANEvbSERDZjk5AYTHeV6owQNPQTeiiW3ri2Ou93XFGvg=="
    }
  },
  "dependencies": {
    "source-code-pro": {
      "version": "2.38.0",
      "resolved": "https://registry.npmjs.org/source-code-pro/-/source-code-pro-2.38.0.tgz",
      "integrity": "sha512-JMXu7l3XrLREG17eEwY66ANG9716WTu6OeNvZfRKQKANEvbSERDZjk5AYTHeV6owQNPQTeiiW3ri2Ou93XFGvg=="
    }
  }
}
